
Microsoft Visual Studio Solution File, Format Version 12.00
# Visual Studio Version 17
VisualStudioVersion = 17.4.33403.182
MinimumVisualStudioVersion = 10.0.40219.1
Project("{9A19103F-16F7-4668-BE54-9A1E7A4F7556}") = "MagicVilla_VillaAPI", "MagicVilla_VillaAPI\MagicVilla_VillaAPI.csproj", "{9E2DED29-9CCE-4E3C-ACD4-6CD65555A616}"
EndProject
Project("{9A19103F-16F7-4668-BE54-9A1E7A4F7556}") = "MagicVilla_Web", "MagicVilla_Web\MagicVilla_Web.csproj", "{1AA90C3B-8A47-4D2A-9F16-ADCCF0A52FF1}"
EndProject
Project("{FAE04EC0-301F-11D3-BF4B-00C04F79EFBC}") = "MagicVilla_Ultility", "MagicVilla_Ultility\MagicVilla_Ultility.csproj", "{DB07B16D-B25D-442A-A2D5-1BD678B17993}"
EndProject
Global
	GlobalSection(SolutionConfigurationPlatforms) = preSolution
		Debug|Any CPU = Debug|Any CPU
		Release|Any CPU = Release|Any CPU
	EndGlobalSection
	GlobalSection(ProjectConfigurationPlatforms) = postSolution
		{9E2DED29-9CCE-4E3C-ACD4-6CD65555A616}.Debug|Any CPU.ActiveCfg = Debug|Any CPU
		{9E2DED29-9CCE-4E3C-ACD4-6CD65555A616}.Debug|Any CPU.Build.0 = Debug|Any CPU
		{9E2DED29-9CCE-4E3C-ACD4-6CD65555A616}.Release|Any CPU.ActiveCfg = Release|Any CPU
		{9E2DED29-9CCE-4E3C-ACD4-6CD65555A616}.Release|Any CPU.Build.0 = Release|Any CPU
		{1AA90C3B-8A47-4D2A-9F16-ADCCF0A52FF1}.Debug|Any CPU.ActiveCfg = Debug|Any CPU
		{1AA90C3B-8A47-4D2A-9F16-ADCCF0A52FF1}.Debug|Any CPU.Build.0 = Debug|Any CPU
		{1AA90C3B-8A47-4D2A-9F16-ADCCF0A52FF1}.Release|Any CPU.ActiveCfg = Release|Any CPU
		{1AA90C3B-8A47-4D2A-9F16-ADCCF0A52FF1}.Release|Any CPU.Build.0 = Release|Any CPU
		{DB07B16D-B25D-442A-A2D5-1BD678B17993}.Debug|Any CPU.ActiveCfg = Debug|Any CPU
		{DB07B16D-B25D-442A-A2D5-1BD678B17993}.Debug|Any CPU.Build.0 = Debug|Any CPU
		{DB07B16D-B25D-442A-A2D5-1BD678B17993}.Release|Any CPU.ActiveCfg = Release|Any CPU
		{DB07B16D-B25D-442A-A2D5-1BD678B17993}.Release|Any CPU.Build.0 = Release|Any CPU
	EndGlobalSection
	GlobalSection(SolutionProperties) = preSolution
		HideSolutionNode = FALSE
	EndGlobalSection
	GlobalSection(ExtensibilityGlobals) = postSolution
		SolutionGuid = {2F4DE2D8-A85C-47EA-916B-C49F24EFBE17}
	EndGlobalSection
EndGlobal
